
Microsoft Visual Studio Solution File, Format Version 12.00
# Visual Studio Version 16
VisualStudioVersion = 16.0.31105.61
MinimumVisualStudioVersion = 10.0.40219.1
Project("{FAE04EC0-301F-11D3-BF4B-00C04F79EFBC}") = "BackBasicCRUD", "BackBasicCRUD\BackBasicCRUD.csproj", "{1ACF7ED2-3B83-4B20-B474-9BEEADB334CE}"
EndProject
Global
	GlobalSection(SolutionConfigurationPlatforms) = preSolution
		Debug|Any CPU = Debug|Any CPU
		Release|Any CPU = Release|Any CPU
	EndGlobalSection
	GlobalSection(ProjectConfigurationPlatforms) = postSolution
		{1ACF7ED2-3B83-4B20-B474-9BEEADB334CE}.Debug|Any CPU.ActiveCfg = Debug|Any CPU
		{1ACF7ED2-3B83-4B20-B474-9BEEADB334CE}.Debug|Any CPU.Build.0 = Debug|Any CPU
		{1ACF7ED2-3B83-4B20-B474-9BEEADB334CE}.Release|Any CPU.ActiveCfg = Release|Any CPU
		{1ACF7ED2-3B83-4B20-B474-9BEEADB334CE}.Release|Any CPU.Build.0 = Release|Any CPU
	EndGlobalSection
	GlobalSection(SolutionProperties) = preSolution
		HideSolutionNode = FALSE
	EndGlobalSection
	GlobalSection(ExtensibilityGlobals) = postSolution
		SolutionGuid = {0A12CE35-CC4D-4812-AA0A-2498F25CA889}
	EndGlobalSection
EndGlobal
